{
  "nodes": {
    "agenix": {
      "inputs": {
        "darwin": "darwin",
        "home-manager": "home-manager",
        "nixpkgs": "nixpkgs",
        "systems": "systems"
      },
      "locked": {
        "lastModified": 1722339003,
        "narHash": "sha256-ZeS51uJI30ehNkcZ4uKqT4ZDARPyqrHADSKAwv5vVCU=",
        "owner": "ryantm",
        "repo": "agenix",
        "rev": "3f1dae074a12feb7327b4bf43cbac0d124488bb7",
        "type": "github"
      },
      "original": {
        "owner": "ryantm",
        "repo": "agenix",
        "type": "github"
      }
    },
    "anyrun": {
      "inputs": {
        "flake-parts": "flake-parts",
        "nixpkgs": [
          "nixpkgs"
        ],
        "systems": "systems_2"
      },
      "locked": {
        "lastModified": 1717576207,
        "narHash": "sha256-LU6d1xX7jN1zt10YU7Oym07MtzVfziSmUEznGFdbuaw=",
        "owner": "Kirottu",
        "repo": "anyrun",
        "rev": "7aabad8d5bb7d1bffae903ce86427b888ab824b4",
        "type": "github"
      },
      "original": {
        "owner": "Kirottu",
        "repo": "anyrun",
        "type": "github"
      }
    },
    "custom-neovim": {
      "inputs": {
        "flake-utils": "flake-utils",
        "gen-luarc": "gen-luarc",
        "nixpkgs": "nixpkgs_3"
      },
      "locked": {
        "lastModified": 1726202910,
        "narHash": "sha256-q6HeiQ8p8JGwXmLBgtCfynwyFZu7IeIiAyTu4MZbXFk=",
        "ref": "master",
        "rev": "3ae12887b0a4b1c26f08dcf067b65f9503b76151",
        "revCount": 14,
        "type": "git",
        "url": "https://git.kosslan.dev/kossLAN/NvimFlake"
      },
      "original": {
        "ref": "master",
        "type": "git",
        "url": "https://git.kosslan.dev/kossLAN/NvimFlake"
      }
    },
    "darwin": {
      "inputs": {
        "nixpkgs": [
          "agenix",
          "nixpkgs"
        ]
      },
      "locked": {
        "lastModified": 1700795494,
        "narHash": "sha256-gzGLZSiOhf155FW7262kdHo2YDeugp3VuIFb4/GGng0=",
        "owner": "lnl7",
        "repo": "nix-darwin",
        "rev": "4b9b83d5a92e8c1fbfd8eb27eda375908c11ec4d",
        "type": "github"
      },
      "original": {
        "owner": "lnl7",
        "ref": "master",
        "repo": "nix-darwin",
        "type": "github"
      }
    },
    "flake-compat": {
      "flake": false,
      "locked": {
        "lastModified": 1717312683,
        "narHash": "sha256-FrlieJH50AuvagamEvWMIE6D2OAnERuDboFDYAED/dE=",
        "owner": "nix-community",
        "repo": "flake-compat",
        "rev": "38fd3954cf65ce6faf3d0d45cd26059e059f07ea",
        "type": "github"
      },
      "original": {
        "owner": "nix-community",
        "repo": "flake-compat",
        "type": "github"
      }
    },
    "flake-parts": {
      "inputs": {
        "nixpkgs-lib": [
          "anyrun",
          "nixpkgs"
        ]
      },
      "locked": {
        "lastModified": 1717285511,
        "narHash": "sha256-iKzJcpdXih14qYVcZ9QC9XuZYnPc6T8YImb6dX166kw=",
        "owner": "hercules-ci",
        "repo": "flake-parts",
        "rev": "2a55567fcf15b1b1c7ed712a2c6fadaec7412ea8",
        "type": "github"
      },
      "original": {
        "owner": "hercules-ci",
        "repo": "flake-parts",
        "type": "github"
      }
    },
    "flake-parts_2": {
      "inputs": {
        "nixpkgs-lib": "nixpkgs-lib"
      },
      "locked": {
        "lastModified": 1717285511,
        "narHash": "sha256-iKzJcpdXih14qYVcZ9QC9XuZYnPc6T8YImb6dX166kw=",
        "owner": "hercules-ci",
        "repo": "flake-parts",
        "rev": "2a55567fcf15b1b1c7ed712a2c6fadaec7412ea8",
        "type": "github"
      },
      "original": {
        "owner": "hercules-ci",
        "repo": "flake-parts",
        "type": "github"
      }
    },
    "flake-parts_3": {
      "inputs": {
        "nixpkgs-lib": [
          "nixos-cosmic",
          "nix-update",
          "nixpkgs"
        ]
      },
      "locked": {
        "lastModified": 1719994518,
        "narHash": "sha256-pQMhCCHyQGRzdfAkdJ4cIWiw+JNuWsTX7f0ZYSyz0VY=",
        "owner": "hercules-ci",
        "repo": "flake-parts",
        "rev": "9227223f6d922fee3c7b190b2cc238a99527bbb7",
        "type": "github"
      },
      "original": {
        "owner": "hercules-ci",
        "repo": "flake-parts",
        "type": "github"
      }
    },
    "flake-utils": {
      "inputs": {
        "systems": "systems_3"
      },
      "locked": {
        "lastModified": 1710146030,
        "narHash": "sha256-SZ5L6eA7HJ/nmkzGG7/ISclqe6oZdOZTNoesiInkXPQ=",
        "owner": "numtide",
        "repo": "flake-utils",
        "rev": "b1d9ab70662946ef0850d488da1c9019f3a9752a",
        "type": "github"
      },
      "original": {
        "owner": "numtide",
        "repo": "flake-utils",
        "type": "github"
      }
    },
    "gen-luarc": {
      "inputs": {
        "flake-parts": "flake-parts_2",
        "nixpkgs": "nixpkgs_2"
      },
      "locked": {
        "lastModified": 1718922730,
        "narHash": "sha256-ykhhOPqA9NzdNBr3ii+3h2DkK2+wasNqQLfMF6BXxTE=",
        "owner": "mrcjkb",
        "repo": "nix-gen-luarc-json",
        "rev": "021e8078e43884c6cdc70ca753d9a0b146cd55a4",
        "type": "github"
      },
      "original": {
        "owner": "mrcjkb",
        "repo": "nix-gen-luarc-json",
        "type": "github"
      }
    },
    "home-manager": {
      "inputs": {
        "nixpkgs": [
          "agenix",
          "nixpkgs"
        ]
      },
      "locked": {
        "lastModified": 1703113217,
        "narHash": "sha256-7ulcXOk63TIT2lVDSExj7XzFx09LpdSAPtvgtM7yQPE=",
        "owner": "nix-community",
        "repo": "home-manager",
        "rev": "3bfaacf46133c037bb356193bd2f1765d9dc82c1",
        "type": "github"
      },
      "original": {
        "owner": "nix-community",
        "repo": "home-manager",
        "type": "github"
      }
    },
    "home-manager_2": {
      "inputs": {
        "nixpkgs": [
          "nixpkgs"
        ]
      },
      "locked": {
        "lastModified": 1719037157,
        "narHash": "sha256-aOKd8+mhBsLQChCu1mn/W5ww79ta5cXVE59aJFrifM8=",
        "owner": "nix-community",
        "repo": "home-manager",
        "rev": "cd886711998fe5d9ff7979fdd4b4cbd17b1f1511",
        "type": "github"
      },
      "original": {
        "owner": "nix-community",
        "repo": "home-manager",
        "type": "github"
      }
    },
    "jovian": {
      "inputs": {
        "nix-github-actions": "nix-github-actions",
        "nixpkgs": [
          "nixpkgs"
        ]
      },
      "locked": {
        "lastModified": 1720697445,
        "narHash": "sha256-IvFFc57vljkR1eP4VeNMuXJTS/POClq+ytFAadigSY0=",
        "owner": "Jovian-Experiments",
        "repo": "Jovian-Nixos",
        "rev": "bba994424596df09228f5437bcf8ef7fde1fe56e",
        "type": "github"
      },
      "original": {
        "owner": "Jovian-Experiments",
        "repo": "Jovian-Nixos",
        "type": "github"
      }
    },
    "nix-github-actions": {
      "inputs": {
        "nixpkgs": [
          "jovian",
          "nixpkgs"
        ]
      },
      "locked": {
        "lastModified": 1690328911,
        "narHash": "sha256-fxtExYk+aGf2YbjeWQ8JY9/n9dwuEt+ma1eUFzF8Jeo=",
        "owner": "zhaofengli",
        "repo": "nix-github-actions",
        "rev": "96df4a39c52f53cb7098b923224d8ce941b64747",
        "type": "github"
      },
      "original": {
        "owner": "zhaofengli",
        "ref": "matrix-name",
        "repo": "nix-github-actions",
        "type": "github"
      }
    },
    "nix-update": {
      "inputs": {
        "flake-parts": "flake-parts_3",
        "nixpkgs": [
          "nixos-cosmic",
          "nixpkgs"
        ],
        "treefmt-nix": "treefmt-nix"
      },
      "locked": {
        "lastModified": 1725635983,
        "narHash": "sha256-haSfwdurfltqQ/7YEmDcmWLnWwvAgelIHnXsHG34P1k=",
        "owner": "lilyinstarlight",
        "repo": "nix-update",
        "rev": "ed54a7546affb3f8c9c3e10a6fa6fdb21756ec8f",
        "type": "github"
      },
      "original": {
        "owner": "lilyinstarlight",
        "repo": "nix-update",
        "type": "github"
      }
    },
    "nixos-cosmic": {
      "inputs": {
        "flake-compat": "flake-compat",
        "nix-update": "nix-update",
        "nixpkgs": [
          "nixpkgs"
        ],
        "nixpkgs-stable": "nixpkgs-stable",
        "rust-overlay": "rust-overlay"
      },
      "locked": {
        "lastModified": 1726067613,
        "narHash": "sha256-45Zyi5EsOqeAWN1cm7S2l2V3OYX90secI5+MqXGNTnU=",
        "owner": "lilyinstarlight",
        "repo": "nixos-cosmic",
        "rev": "d80add9719ebb66471d536150233198cbadcb2dd",
        "type": "github"
      },
      "original": {
        "owner": "lilyinstarlight",
        "repo": "nixos-cosmic",
        "type": "github"
      }
    },
    "nixpkgs": {
      "locked": {
        "lastModified": 1703013332,
        "narHash": "sha256-+tFNwMvlXLbJZXiMHqYq77z/RfmpfpiI3yjL6o/Zo9M=",
        "owner": "NixOS",
        "repo": "nixpkgs",
        "rev": "54aac082a4d9bb5bbc5c4e899603abfb76a3f6d6",
        "type": "github"
      },
      "original": {
        "owner": "NixOS",
        "ref": "nixos-unstable",
        "repo": "nixpkgs",
        "type": "github"
      }
    },
    "nixpkgs-lib": {
      "locked": {
        "lastModified": 1717284937,
        "narHash": "sha256-lIbdfCsf8LMFloheeE6N31+BMIeixqyQWbSr2vk79EQ=",
        "type": "tarball",
        "url": "https://github.com/NixOS/nixpkgs/archive/eb9ceca17df2ea50a250b6b27f7bf6ab0186f198.tar.gz"
      },
      "original": {
        "type": "tarball",
        "url": "https://github.com/NixOS/nixpkgs/archive/eb9ceca17df2ea50a250b6b27f7bf6ab0186f198.tar.gz"
      }
    },
    "nixpkgs-stable": {
      "locked": {
        "lastModified": 1725930920,
        "narHash": "sha256-RVhD9hnlTT2nJzPHlAqrWqCkA7T6CYrP41IoVRkciZM=",
        "owner": "NixOS",
        "repo": "nixpkgs",
        "rev": "44a71ff39c182edaf25a7ace5c9454e7cba2c658",
        "type": "github"
      },
      "original": {
        "owner": "NixOS",
        "ref": "nixos-24.05",
        "repo": "nixpkgs",
        "type": "github"
      }
    },
    "nixpkgs-stable_2": {
      "locked": {
        "lastModified": 1718811006,
        "narHash": "sha256-0Y8IrGhRmBmT7HHXlxxepg2t8j1X90++qRN3lukGaIk=",
        "owner": "nixos",
        "repo": "nixpkgs",
        "rev": "03d771e513ce90147b65fe922d87d3a0356fc125",
        "type": "github"
      },
      "original": {
        "owner": "nixos",
        "ref": "nixos-23.11",
        "repo": "nixpkgs",
        "type": "github"
      }
    },
    "nixpkgs_2": {
      "locked": {
        "lastModified": 1718714799,
        "narHash": "sha256-FUZpz9rg3gL8NVPKbqU8ei1VkPLsTIfAJ2fdAf5qjak=",
        "owner": "nixos",
        "repo": "nixpkgs",
        "rev": "c00d587b1a1afbf200b1d8f0b0e4ba9deb1c7f0e",
        "type": "github"
      },
      "original": {
        "owner": "nixos",
        "ref": "nixos-unstable",
        "repo": "nixpkgs",
        "type": "github"
      }
    },
    "nixpkgs_3": {
      "locked": {
        "lastModified": 1721562059,
        "narHash": "sha256-Tybxt65eyOARf285hMHIJ2uul8SULjFZbT9ZaEeUnP8=",
        "owner": "NixOS",
        "repo": "nixpkgs",
        "rev": "68c9ed8bbed9dfce253cc91560bf9043297ef2fe",
        "type": "github"
      },
      "original": {
        "owner": "NixOS",
        "ref": "nixos-unstable",
        "repo": "nixpkgs",
        "type": "github"
      }
    },
    "nixpkgs_4": {
      "locked": {
        "lastModified": 1726463316,
        "narHash": "sha256-gI9kkaH0ZjakJOKrdjaI/VbaMEo9qBbSUl93DnU7f4c=",
        "owner": "nixos",
        "repo": "nixpkgs",
        "rev": "99dc8785f6a0adac95f5e2ab05cc2e1bf666d172",
        "type": "github"
      },
      "original": {
        "owner": "nixos",
        "ref": "nixos-unstable",
        "repo": "nixpkgs",
        "type": "github"
      }
    },
    "nixpkgs_5": {
      "locked": {
        "lastModified": 1726243404,
        "narHash": "sha256-sjiGsMh+1cWXb53Tecsm4skyFNag33GPbVgCdfj3n9I=",
        "owner": "NixOS",
        "repo": "nixpkgs",
        "rev": "345c263f2f53a3710abe117f28a5cb86d0ba4059",
        "type": "github"
      },
      "original": {
        "owner": "NixOS",
        "ref": "nixos-unstable",
        "repo": "nixpkgs",
        "type": "github"
      }
    },
    "pipewire-screenaudio": {
      "inputs": {
        "nixpkgs": "nixpkgs_5"
      },
      "locked": {
        "lastModified": 1720719825,
        "narHash": "sha256-+StN4RWwuVHmGFHeDr815t8lTWmRNC16uGTx8jEffPw=",
        "owner": "IceDBorn",
        "repo": "pipewire-screenaudio",
        "rev": "bd404d0ee4b32fb797f2dcdeee3b6e773c06455c",
        "type": "github"
      },
      "original": {
        "owner": "IceDBorn",
        "repo": "pipewire-screenaudio",
        "type": "github"
      }
    },
    "root": {
      "inputs": {
        "agenix": "agenix",
        "anyrun": "anyrun",
        "custom-neovim": "custom-neovim",
        "home-manager": "home-manager_2",
        "jovian": "jovian",
        "nixos-cosmic": "nixos-cosmic",
        "nixpkgs": "nixpkgs_4",
        "nixpkgs-stable": "nixpkgs-stable_2",
        "pipewire-screenaudio": "pipewire-screenaudio"
      }
    },
    "rust-overlay": {
      "inputs": {
        "nixpkgs": [
          "nixos-cosmic",
          "nixpkgs"
        ]
      },
      "locked": {
        "lastModified": 1726021481,
        "narHash": "sha256-4J4E+Fh+77XIYnq2RVtg+ENWXpu6t74P0jKN/f2RQmI=",
        "owner": "oxalica",
        "repo": "rust-overlay",
        "rev": "1c2c120246c51a644c20ba2a36a33d3bd4860d70",
        "type": "github"
      },
      "original": {
        "owner": "oxalica",
        "repo": "rust-overlay",
        "type": "github"
      }
    },
    "systems": {
      "locked": {
        "lastModified": 1681028828,
        "narHash": "sha256-Vy1rq5AaRuLzOxct8nz4T6wlgyUR7zLU309k9mBC768=",
        "owner": "nix-systems",
        "repo": "default",
        "rev": "da67096a3b9bf56a91d16901293e51ba5b49a27e",
        "type": "github"
      },
      "original": {
        "owner": "nix-systems",
        "repo": "default",
        "type": "github"
      }
    },
    "systems_2": {
      "locked": {
        "lastModified": 1689347949,
        "narHash": "sha256-12tWmuL2zgBgZkdoB6qXZsgJEH9LR3oUgpaQq2RbI80=",
        "owner": "nix-systems",
        "repo": "default-linux",
        "rev": "31732fcf5e8fea42e59c2488ad31a0e651500f68",
        "type": "github"
      },
      "original": {
        "owner": "nix-systems",
        "repo": "default-linux",
        "type": "github"
      }
    },
    "systems_3": {
      "locked": {
        "lastModified": 1681028828,
        "narHash": "sha256-Vy1rq5AaRuLzOxct8nz4T6wlgyUR7zLU309k9mBC768=",
        "owner": "nix-systems",
        "repo": "default",
        "rev": "da67096a3b9bf56a91d16901293e51ba5b49a27e",
        "type": "github"
      },
      "original": {
        "owner": "nix-systems",
        "repo": "default",
        "type": "github"
      }
    },
    "treefmt-nix": {
      "inputs": {
        "nixpkgs": [
          "nixos-cosmic",
          "nix-update",
          "nixpkgs"
        ]
      },
      "locked": {
        "lastModified": 1719887753,
        "narHash": "sha256-p0B2r98UtZzRDM5miGRafL4h7TwGRC4DII+XXHDHqek=",
        "owner": "numtide",
        "repo": "treefmt-nix",
        "rev": "bdb6355009562d8f9313d9460c0d3860f525bc6c",
        "type": "github"
      },
      "original": {
        "owner": "numtide",
        "repo": "treefmt-nix",
        "type": "github"
      }
    }
  },
  "root": "root",
  "version": 7
}
